
Microsoft Visual Studio Solution File, Format Version 12.00
# Visual Studio Version 16
VisualStudioVersion = 16.0.30503.244
MinimumVisualStudioVersion = 10.0.40219.1
Project("{888888A0-9F3D-457C-B088-3A5042F75D52}") = "Book", "Book\Book.pyproj", "{70A13C48-2C2B-4CB2-B28B-21D0C188D841}"
EndProject
Global
	GlobalSection(SolutionConfigurationPlatforms) = preSolution
		Debug|Any CPU = Debug|Any CPU
		Release|Any CPU = Release|Any CPU
	EndGlobalSection
	GlobalSection(ProjectConfigurationPlatforms) = postSolution
		{70A13C48-2C2B-4CB2-B28B-21D0C188D841}.Debug|Any CPU.ActiveCfg = Debug|Any CPU
		{70A13C48-2C2B-4CB2-B28B-21D0C188D841}.Release|Any CPU.ActiveCfg = Release|Any CPU
	EndGlobalSection
	GlobalSection(SolutionProperties) = preSolution
		HideSolutionNode = FALSE
	EndGlobalSection
	GlobalSection(ExtensibilityGlobals) = postSolution
		SolutionGuid = {EA27C14E-5660-4553-BCC7-9B935BC96710}
	EndGlobalSection
EndGlobal
